PODS:
  - Alamofire (3.4.1)
  - SnapKit (0.21.1)
  - SwiftDate (3.0.8)
  - SwiftyJSON (2.3.2)

DEPENDENCIES:
  - Alamofire
  - SnapKit
  - SwiftDate
  - SwiftyJSON

SPEC CHECKSUMS:
  Alamofire: 01a82e2f6c0f860ade35534c8dd88be61bdef40c
  SnapKit: bbad04cb016c7cead63965f16b00c09318d271ee
  SwiftDate: 971f8b9394f664f2226b9c3ab64e801a7291c612
  SwiftyJSON: 04ccea08915aa0109039157c7974cf0298da292a

COCOAPODS: 0.39.0
